
Microsoft Visual Studio Solution File, Format Version 12.00
# Visual Studio Version 17
VisualStudioVersion = 17.10.35013.160
MinimumVisualStudioVersion = 10.0.40219.1
Project("{FAE04EC0-301F-11D3-BF4B-00C04F79EFBC}") = "Client.Mvc", "Client.Mvc\Client.Mvc.csproj", "{90FD5A57-ECAC-4825-A506-43CDF49EAFF2}"
EndProject
Global
	GlobalSection(SolutionConfigurationPlatforms) = preSolution
		Debug|Any CPU = Debug|Any CPU
		Release|Any CPU = Release|Any CPU
	EndGlobalSection
	GlobalSection(ProjectConfigurationPlatforms) = postSolution
		{90FD5A57-ECAC-4825-A506-43CDF49EAFF2}.Debug|Any CPU.ActiveCfg = Debug|Any CPU
		{90FD5A57-ECAC-4825-A506-43CDF49EAFF2}.Debug|Any CPU.Build.0 = Debug|Any CPU
		{90FD5A57-ECAC-4825-A506-43CDF49EAFF2}.Release|Any CPU.ActiveCfg = Release|Any CPU
		{90FD5A57-ECAC-4825-A506-43CDF49EAFF2}.Release|Any CPU.Build.0 = Release|Any CPU
	EndGlobalSection
	GlobalSection(SolutionProperties) = preSolution
		HideSolutionNode = FALSE
	EndGlobalSection
	GlobalSection(ExtensibilityGlobals) = postSolution
		SolutionGuid = {7F005D0A-3C3B-43C3-82FA-CEE2108AB1D7}
	EndGlobalSection
EndGlobal
