
Microsoft Visual Studio Solution File, Format Version 12.00
# Visual Studio Version 17
VisualStudioVersion = 17.11.35303.130
MinimumVisualStudioVersion = 10.0.40219.1
Project("{9A19103F-16F7-4668-BE54-9A1E7A4F7556}") = "API.Catalogo.Monolito", "API.Catalogo.Monolito\API.Catalogo.Monolito.csproj", "{B8BB361F-457E-4B22-9444-8D69C48B6618}"
EndProject
Project("{9A19103F-16F7-4668-BE54-9A1E7A4F7556}") = "ApiCatalogoTests", "ApiCatalogoTests\ApiCatalogoTests.csproj", "{A87A743A-1D8A-45B9-9BD8-74F261FCACE1}"
EndProject
Project("{9A19103F-16F7-4668-BE54-9A1E7A4F7556}") = "Catalogo.Domain", "Catalogo.Domain\Catalogo.Domain.csproj", "{E75DCAE3-3A74-4967-AEC6-3694FD3C3B7F}"
EndProject
Project("{9A19103F-16F7-4668-BE54-9A1E7A4F7556}") = "Catalogo.Application", "Catalogo.Application\Catalogo.Application.csproj", "{6948D61A-5601-4911-A586-BB6CADCA2878}"
EndProject
Project("{9A19103F-16F7-4668-BE54-9A1E7A4F7556}") = "Catalogo.Infrastructure", "Catalogo.Infrastructure\Catalogo.Infrastructure.csproj", "{2EC9C090-DC44-472B-BCC9-343F8D526FA6}"
EndProject
Project("{9A19103F-16F7-4668-BE54-9A1E7A4F7556}") = "Catalogo.CrossCutting", "Catalogo.CrossCutting\Catalogo.CrossCutting.csproj", "{BAB87986-B4A2-4D70-8635-66C053E44ECA}"
EndProject
Project("{FAE04EC0-301F-11D3-BF4B-00C04F79EFBC}") = "Catalogo.API", "Catalogo.API\Catalogo.API.csproj", "{4EDD8898-7C6D-4518-8D4A-BF74B931AA58}"
EndProject
Global
	GlobalSection(SolutionConfigurationPlatforms) = preSolution
		Debug|Any CPU = Debug|Any CPU
		Release|Any CPU = Release|Any CPU
	EndGlobalSection
	GlobalSection(ProjectConfigurationPlatforms) = postSolution
		{B8BB361F-457E-4B22-9444-8D69C48B6618}.Debug|Any CPU.ActiveCfg = Debug|Any CPU
		{B8BB361F-457E-4B22-9444-8D69C48B6618}.Debug|Any CPU.Build.0 = Debug|Any CPU
		{B8BB361F-457E-4B22-9444-8D69C48B6618}.Release|Any CPU.ActiveCfg = Release|Any CPU
		{B8BB361F-457E-4B22-9444-8D69C48B6618}.Release|Any CPU.Build.0 = Release|Any CPU
		{A87A743A-1D8A-45B9-9BD8-74F261FCACE1}.Debug|Any CPU.ActiveCfg = Debug|Any CPU
		{A87A743A-1D8A-45B9-9BD8-74F261FCACE1}.Debug|Any CPU.Build.0 = Debug|Any CPU
		{A87A743A-1D8A-45B9-9BD8-74F261FCACE1}.Release|Any CPU.ActiveCfg = Release|Any CPU
		{A87A743A-1D8A-45B9-9BD8-74F261FCACE1}.Release|Any CPU.Build.0 = Release|Any CPU
		{E75DCAE3-3A74-4967-AEC6-3694FD3C3B7F}.Debug|Any CPU.ActiveCfg = Debug|Any CPU
		{E75DCAE3-3A74-4967-AEC6-3694FD3C3B7F}.Debug|Any CPU.Build.0 = Debug|Any CPU
		{E75DCAE3-3A74-4967-AEC6-3694FD3C3B7F}.Release|Any CPU.ActiveCfg = Release|Any CPU
		{E75DCAE3-3A74-4967-AEC6-3694FD3C3B7F}.Release|Any CPU.Build.0 = Release|Any CPU
		{6948D61A-5601-4911-A586-BB6CADCA2878}.Debug|Any CPU.ActiveCfg = Debug|Any CPU
		{6948D61A-5601-4911-A586-BB6CADCA2878}.Debug|Any CPU.Build.0 = Debug|Any CPU
		{6948D61A-5601-4911-A586-BB6CADCA2878}.Release|Any CPU.ActiveCfg = Release|Any CPU
		{6948D61A-5601-4911-A586-BB6CADCA2878}.Release|Any CPU.Build.0 = Release|Any CPU
		{2EC9C090-DC44-472B-BCC9-343F8D526FA6}.Debug|Any CPU.ActiveCfg = Debug|Any CPU
		{2EC9C090-DC44-472B-BCC9-343F8D526FA6}.Debug|Any CPU.Build.0 = Debug|Any CPU
		{2EC9C090-DC44-472B-BCC9-343F8D526FA6}.Release|Any CPU.ActiveCfg = Release|Any CPU
		{2EC9C090-DC44-472B-BCC9-343F8D526FA6}.Release|Any CPU.Build.0 = Release|Any CPU
		{BAB87986-B4A2-4D70-8635-66C053E44ECA}.Debug|Any CPU.ActiveCfg = Debug|Any CPU
		{BAB87986-B4A2-4D70-8635-66C053E44ECA}.Debug|Any CPU.Build.0 = Debug|Any CPU
		{BAB87986-B4A2-4D70-8635-66C053E44ECA}.Release|Any CPU.ActiveCfg = Release|Any CPU
		{BAB87986-B4A2-4D70-8635-66C053E44ECA}.Release|Any CPU.Build.0 = Release|Any CPU
		{4EDD8898-7C6D-4518-8D4A-BF74B931AA58}.Debug|Any CPU.ActiveCfg = Debug|Any CPU
		{4EDD8898-7C6D-4518-8D4A-BF74B931AA58}.Debug|Any CPU.Build.0 = Debug|Any CPU
		{4EDD8898-7C6D-4518-8D4A-BF74B931AA58}.Release|Any CPU.ActiveCfg = Release|Any CPU
		{4EDD8898-7C6D-4518-8D4A-BF74B931AA58}.Release|Any CPU.Build.0 = Release|Any CPU
	EndGlobalSection
	GlobalSection(SolutionProperties) = preSolution
		HideSolutionNode = FALSE
	EndGlobalSection
	GlobalSection(ExtensibilityGlobals) = postSolution
		SolutionGuid = {1F1C55B9-FA28-4646-B678-0B3A0B88532A}
	EndGlobalSection
EndGlobal
